
Microsoft Visual Studio Solution File, Format Version 12.00
# Visual Studio Version 17
VisualStudioVersion = 17.3.32819.101
MinimumVisualStudioVersion = 10.0.40219.1
Project("{9A19103F-16F7-4668-BE54-9A1E7A4F7556}") = "chatard", "chatard\chatard.csproj", "{EF61BAF6-E3AD-4A23-8F11-6CDFCEA7ED31}"
EndProject
Project("{9A19103F-16F7-4668-BE54-9A1E7A4F7556}") = "ChatardServer", "ChatardServer\ChatardServer.csproj", "{DFA8C984-EEAB-48B8-BF10-E07793390406}"
EndProject
Global
	GlobalSection(SolutionConfigurationPlatforms) = preSolution
		Debug|Any CPU = Debug|Any CPU
		Release|Any CPU = Release|Any CPU
	EndGlobalSection
	GlobalSection(ProjectConfigurationPlatforms) = postSolution
		{EF61BAF6-E3AD-4A23-8F11-6CDFCEA7ED31}.Debug|Any CPU.ActiveCfg = Debug|Any CPU
		{EF61BAF6-E3AD-4A23-8F11-6CDFCEA7ED31}.Debug|Any CPU.Build.0 = Debug|Any CPU
		{EF61BAF6-E3AD-4A23-8F11-6CDFCEA7ED31}.Release|Any CPU.ActiveCfg = Release|Any CPU
		{EF61BAF6-E3AD-4A23-8F11-6CDFCEA7ED31}.Release|Any CPU.Build.0 = Release|Any CPU
		{DFA8C984-EEAB-48B8-BF10-E07793390406}.Debug|Any CPU.ActiveCfg = Debug|Any CPU
		{DFA8C984-EEAB-48B8-BF10-E07793390406}.Debug|Any CPU.Build.0 = Debug|Any CPU
		{DFA8C984-EEAB-48B8-BF10-E07793390406}.Release|Any CPU.ActiveCfg = Release|Any CPU
		{DFA8C984-EEAB-48B8-BF10-E07793390406}.Release|Any CPU.Build.0 = Release|Any CPU
	EndGlobalSection
	GlobalSection(SolutionProperties) = preSolution
		HideSolutionNode = FALSE
	EndGlobalSection
	GlobalSection(ExtensibilityGlobals) = postSolution
		SolutionGuid = {60983C3F-EA88-401B-9089-8404B66980B3}
	EndGlobalSection
EndGlobal
